
Microsoft Visual Studio Solution File, Format Version 12.00
# Visual Studio 14
VisualStudioVersion = 14.0.23107.0
MinimumVisualStudioVersion = 10.0.40219.1
Project("{FAE04EC0-301F-11D3-BF4B-00C04F79EFBC}") = "TrainingSignV2", "TrainingSignV2\TrainingSignV2.csproj", "{C5F1DC3E-9150-478D-9554-C9CF5A2FAF7A}"
EndProject
Project("{FAE04EC0-301F-11D3-BF4B-00C04F79EFBC}") = "Common", "Common\Common.csproj", "{37C146EA-1640-49ED-B2F8-1C4C84ABB250}"
EndProject
Global
	GlobalSection(SolutionConfigurationPlatforms) = preSolution
		Debug|Any CPU = Debug|Any CPU
		Release|Any CPU = Release|Any CPU
	EndGlobalSection
	GlobalSection(ProjectConfigurationPlatforms) = postSolution
		{C5F1DC3E-9150-478D-9554-C9CF5A2FAF7A}.Debug|Any CPU.ActiveCfg = Debug|Any CPU
		{C5F1DC3E-9150-478D-9554-C9CF5A2FAF7A}.Debug|Any CPU.Build.0 = Debug|Any CPU
		{C5F1DC3E-9150-478D-9554-C9CF5A2FAF7A}.Release|Any CPU.ActiveCfg = Release|Any CPU
		{C5F1DC3E-9150-478D-9554-C9CF5A2FAF7A}.Release|Any CPU.Build.0 = Release|Any CPU
		{37C146EA-1640-49ED-B2F8-1C4C84ABB250}.Debug|Any CPU.ActiveCfg = Debug|Any CPU
		{37C146EA-1640-49ED-B2F8-1C4C84ABB250}.Debug|Any CPU.Build.0 = Debug|Any CPU
		{37C146EA-1640-49ED-B2F8-1C4C84ABB250}.Release|Any CPU.ActiveCfg = Release|Any CPU
		{37C146EA-1640-49ED-B2F8-1C4C84ABB250}.Release|Any CPU.Build.0 = Release|Any CPU
	EndGlobalSection
	GlobalSection(SolutionProperties) = preSolution
		HideSolutionNode = FALSE
	EndGlobalSection
EndGlobal
